
Microsoft Visual Studio Solution File, Format Version 12.00
# Visual Studio 2013
VisualStudioVersion = 12.0.30723.0
MinimumVisualStudioVersion = 10.0.40219.1
Project("{FAE04EC0-301F-11D3-BF4B-00C04F79EFBC}") = "ClassLib", "ClassLib\ClassLib.csproj", "{ACBBA626-FC2A-4D24-A53E-CC0CD42823AA}"
EndProject
Project("{FAE04EC0-301F-11D3-BF4B-00C04F79EFBC}") = "BarManager", "BarManager\BarManager.csproj", "{5F853BF4-96E1-4C06-8F50-898E77C3C9B9}"
EndProject
Project("{FAE04EC0-301F-11D3-BF4B-00C04F79EFBC}") = "WaiterClient", "WaiterClient\WaiterClient.csproj", "{4FF01898-26EE-4172-9691-A39B5E77A32F}"
EndProject
Global
	GlobalSection(SolutionConfigurationPlatforms) = preSolution
		Debug|Any CPU = Debug|Any CPU
		Release|Any CPU = Release|Any CPU
	EndGlobalSection
	GlobalSection(ProjectConfigurationPlatforms) = postSolution
		{ACBBA626-FC2A-4D24-A53E-CC0CD42823AA}.Debug|Any CPU.ActiveCfg = Debug|Any CPU
		{ACBBA626-FC2A-4D24-A53E-CC0CD42823AA}.Debug|Any CPU.Build.0 = Debug|Any CPU
		{ACBBA626-FC2A-4D24-A53E-CC0CD42823AA}.Release|Any CPU.ActiveCfg = Release|Any CPU
		{ACBBA626-FC2A-4D24-A53E-CC0CD42823AA}.Release|Any CPU.Build.0 = Release|Any CPU
		{5F853BF4-96E1-4C06-8F50-898E77C3C9B9}.Debug|Any CPU.ActiveCfg = Debug|Any CPU
		{5F853BF4-96E1-4C06-8F50-898E77C3C9B9}.Debug|Any CPU.Build.0 = Debug|Any CPU
		{5F853BF4-96E1-4C06-8F50-898E77C3C9B9}.Release|Any CPU.ActiveCfg = Release|Any CPU
		{5F853BF4-96E1-4C06-8F50-898E77C3C9B9}.Release|Any CPU.Build.0 = Release|Any CPU
		{4FF01898-26EE-4172-9691-A39B5E77A32F}.Debug|Any CPU.ActiveCfg = Debug|Any CPU
		{4FF01898-26EE-4172-9691-A39B5E77A32F}.Debug|Any CPU.Build.0 = Debug|Any CPU
		{4FF01898-26EE-4172-9691-A39B5E77A32F}.Release|Any CPU.ActiveCfg = Release|Any CPU
		{4FF01898-26EE-4172-9691-A39B5E77A32F}.Release|Any CPU.Build.0 = Release|Any CPU
	EndGlobalSection
	GlobalSection(SolutionProperties) = preSolution
		HideSolutionNode = FALSE
	EndGlobalSection
EndGlobal
